
Microsoft Visual Studio Solution File, Format Version 12.00
# Visual Studio Version 17
VisualStudioVersion = 17.2.32630.192
MinimumVisualStudioVersion = 10.0.40219.1
Project("{9A19103F-16F7-4668-BE54-9A1E7A4F7556}") = "Technology_Inheritance_Exercises", "Technology_Inheritance_Exercises\Technology_Inheritance_Exercises.csproj", "{3ED9AC7D-94B5-4FC4-ACE6-C8385F826CA6}"
EndProject
Project("{FAE04EC0-301F-11D3-BF4B-00C04F79EFBC}") = "TechnologyTests", "TechnologyTests\TechnologyTests.csproj", "{1F801C94-FF45-46B5-8973-BE04B8B26729}"
EndProject
Global
	GlobalSection(SolutionConfigurationPlatforms) = preSolution
		Debug|Any CPU = Debug|Any CPU
		Release|Any CPU = Release|Any CPU
	EndGlobalSection
	GlobalSection(ProjectConfigurationPlatforms) = postSolution
		{3ED9AC7D-94B5-4FC4-ACE6-C8385F826CA6}.Debug|Any CPU.ActiveCfg = Debug|Any CPU
		{3ED9AC7D-94B5-4FC4-ACE6-C8385F826CA6}.Debug|Any CPU.Build.0 = Debug|Any CPU
		{3ED9AC7D-94B5-4FC4-ACE6-C8385F826CA6}.Release|Any CPU.ActiveCfg = Release|Any CPU
		{3ED9AC7D-94B5-4FC4-ACE6-C8385F826CA6}.Release|Any CPU.Build.0 = Release|Any CPU
		{1F801C94-FF45-46B5-8973-BE04B8B26729}.Debug|Any CPU.ActiveCfg = Debug|Any CPU
		{1F801C94-FF45-46B5-8973-BE04B8B26729}.Debug|Any CPU.Build.0 = Debug|Any CPU
		{1F801C94-FF45-46B5-8973-BE04B8B26729}.Release|Any CPU.ActiveCfg = Release|Any CPU
		{1F801C94-FF45-46B5-8973-BE04B8B26729}.Release|Any CPU.Build.0 = Release|Any CPU
	EndGlobalSection
	GlobalSection(SolutionProperties) = preSolution
		HideSolutionNode = FALSE
	EndGlobalSection
	GlobalSection(ExtensibilityGlobals) = postSolution
		SolutionGuid = {4F795604-C926-46DF-97F8-AE9CC4CC14F8}
	EndGlobalSection
EndGlobal
